
Microsoft Visual Studio Solution File, Format Version 12.00
# Visual Studio Version 17
VisualStudioVersion = 17.5.33530.505
MinimumVisualStudioVersion = 10.0.40219.1
Project("{888888A0-9F3D-457C-B088-3A5042F75D52}") = "David Silver Reinforcement Learning", "David Silver Reinforcement Learning\David Silver Reinforcement Learning.pyproj", "{954D5C1A-7154-48CF-B2C9-3EC81884A5F1}"
EndProject
Global
	GlobalSection(SolutionConfigurationPlatforms) = preSolution
		Debug|Any CPU = Debug|Any CPU
		Release|Any CPU = Release|Any CPU
	EndGlobalSection
	GlobalSection(ProjectConfigurationPlatforms) = postSolution
		{954D5C1A-7154-48CF-B2C9-3EC81884A5F1}.Debug|Any CPU.ActiveCfg = Debug|Any CPU
		{954D5C1A-7154-48CF-B2C9-3EC81884A5F1}.Release|Any CPU.ActiveCfg = Release|Any CPU
	EndGlobalSection
	GlobalSection(SolutionProperties) = preSolution
		HideSolutionNode = FALSE
	EndGlobalSection
	GlobalSection(ExtensibilityGlobals) = postSolution
		SolutionGuid = {F6EC6B8E-F05D-48AC-A0C0-70DD4A833272}
	EndGlobalSection
EndGlobal
